
Microsoft Visual Studio Solution File, Format Version 12.00
# Visual Studio Version 17
VisualStudioVersion = 17.14.36930.0
MinimumVisualStudioVersion = 10.0.40219.1
Project("{FAE04EC0-301F-11D3-BF4B-00C04F79EFBC}") = "Frontend.ui", "frontend\Frontend.ui\Frontend.ui.csproj", "{97D58A0B-25BB-4673-A349-561108149820}"
EndProject
Global
	GlobalSection(SolutionConfigurationPlatforms) = preSolution
		Debug|Any CPU = Debug|Any CPU
		Release|Any CPU = Release|Any CPU
	EndGlobalSection
	GlobalSection(ProjectConfigurationPlatforms) = postSolution
		{97D58A0B-25BB-4673-A349-561108149820}.Debug|Any CPU.ActiveCfg = Debug|Any CPU
		{97D58A0B-25BB-4673-A349-561108149820}.Debug|Any CPU.Build.0 = Debug|Any CPU
		{97D58A0B-25BB-4673-A349-561108149820}.Release|Any CPU.ActiveCfg = Release|Any CPU
		{97D58A0B-25BB-4673-A349-561108149820}.Release|Any CPU.Build.0 = Release|Any CPU
	EndGlobalSection
	GlobalSection(SolutionProperties) = preSolution
		HideSolutionNode = FALSE
	EndGlobalSection
	GlobalSection(ExtensibilityGlobals) = postSolution
		SolutionGuid = {58B14E36-8FF9-4CF6-9F7E-C748980815CC}
	EndGlobalSection
EndGlobal
